{
  "name": "collider-ext.mix",
  "version": "0.0.1",
  "lockfileVersion": 1,
  "requires": true,
  "dependencies": {
    "collider-lib.mix": {
      "version": "git+https://github.com/invider/collider-lib.mix.git#a77e97367825007ea3aa5fbb710b53cabb9f7087",
      "from": "git+https://github.com/invider/collider-lib.mix.git",
      "requires": {
        "collider.mix": "git+https://github.com/invider/collider.mix.git"
      }
    },
    "collider.mix": {
      "version": "git+https://github.com/invider/collider.mix.git#07a359080d0204456adad7f6c441e39d42941a5b",
      "from": "git+https://github.com/invider/collider.mix.git"
    }
  }
}
